
Microsoft Visual Studio Solution File, Format Version 12.00
# Visual Studio Version 16
VisualStudioVersion = 16.0.31911.196
MinimumVisualStudioVersion = 10.0.40219.1
Project("{FAE04EC0-301F-11D3-BF4B-00C04F79EFBC}") = "ExceptionsMoodAnalyzer", "ExceptionsMoodAnalyzer\ExceptionsMoodAnalyzer.csproj", "{B8C409E6-B09F-416A-ACB6-9EA64CC85859}"
EndProject
Project("{FAE04EC0-301F-11D3-BF4B-00C04F79EFBC}") = "TestProject1ExceptionMoodAnalyzer", "TestProject1ExceptionMoodAnalyzer\TestProject1ExceptionMoodAnalyzer.csproj", "{0ECEDEDD-8DE7-4DD0-B6AC-C20066573AE6}"
EndProject
Global
	GlobalSection(SolutionConfigurationPlatforms) = preSolution
		Debug|Any CPU = Debug|Any CPU
		Release|Any CPU = Release|Any CPU
	EndGlobalSection
	GlobalSection(ProjectConfigurationPlatforms) = postSolution
		{B8C409E6-B09F-416A-ACB6-9EA64CC85859}.Debug|Any CPU.ActiveCfg = Debug|Any CPU
		{B8C409E6-B09F-416A-ACB6-9EA64CC85859}.Debug|Any CPU.Build.0 = Debug|Any CPU
		{B8C409E6-B09F-416A-ACB6-9EA64CC85859}.Release|Any CPU.ActiveCfg = Release|Any CPU
		{B8C409E6-B09F-416A-ACB6-9EA64CC85859}.Release|Any CPU.Build.0 = Release|Any CPU
		{0ECEDEDD-8DE7-4DD0-B6AC-C20066573AE6}.Debug|Any CPU.ActiveCfg = Debug|Any CPU
		{0ECEDEDD-8DE7-4DD0-B6AC-C20066573AE6}.Debug|Any CPU.Build.0 = Debug|Any CPU
		{0ECEDEDD-8DE7-4DD0-B6AC-C20066573AE6}.Release|Any CPU.ActiveCfg = Release|Any CPU
		{0ECEDEDD-8DE7-4DD0-B6AC-C20066573AE6}.Release|Any CPU.Build.0 = Release|Any CPU
	EndGlobalSection
	GlobalSection(SolutionProperties) = preSolution
		HideSolutionNode = FALSE
	EndGlobalSection
	GlobalSection(ExtensibilityGlobals) = postSolution
		SolutionGuid = {FBA50BAD-1EB4-4C20-9FFB-F62E15C27541}
	EndGlobalSection
EndGlobal
